// !$*UTF8*$!
{
	archiveVersion = 1;
	classes = {
	};
	objectVersion = 50;
	objects = {

/* Begin PBXBuildFile section */
		2408AAB326D6118800C92981 /* AppDelegate.m in Sources */ = {isa = PBXBuildFile; fileRef = 2408AAB226D6118800C92981 /* AppDelegate.m */; };
		2408AAB626D6118800C92981 /* SceneDelegate.m in Sources */ = {isa = PBXBuildFile; fileRef = 2408AAB526D6118800C92981 /* SceneDelegate.m */; };
		2408AAB926D6118800C92981 /* ViewController.m in Sources */ = {isa = PBXBuildFile; fileRef = 2408AAB826D6118800C92981 /* ViewController.m */; };
		2408AABC26D6118800C92981 /* Main.storyboard in Resources */ = {isa = PBXBuildFile; fileRef = 2408AABA26D6118800C92981 /* Main.storyboard */; };
		2408AABE26D6118900C92981 /* Assets.xcassets in Resources */ = {isa = PBXBuildFile; fileRef = 2408AABD26D6118900C92981 /* Assets.xcassets */; };
		2408AAC126D6118900C92981 /* LaunchScreen.storyboard in Resources */ = {isa = PBXBuildFile; fileRef = 2408AABF26D6118900C92981 /* LaunchScreen.storyboard */; };
		2408AAC426D6118900C92981 /* main.m in Sources */ = {isa = PBXBuildFile; fileRef = 2408AAC326D6118900C92981 /* main.m */; };
		2408AACE26D6118900C92981 /* CCFoundationTests.m in Sources */ = {isa = PBXBuildFile; fileRef = 2408AACD26D6118900C92981 /* CCFoundationTests.m */; };
		2408AAD926D6118900C92981 /* CCFoundationUITests.m in Sources */ = {isa = PBXBuildFile; fileRef = 2408AAD826D6118900C92981 /* CCFoundationUITests.m */; };
		2408AB0826D611E600C92981 /* CCNavigationControllerIMP.m in Sources */ = {isa = PBXBuildFile; fileRef = 2408AAEB26D611E600C92981 /* CCNavigationControllerIMP.m */; };
		2408AB0926D611E600C92981 /* CCNavigationController.m in Sources */ = {isa = PBXBuildFile; fileRef = 2408AAEC26D611E600C92981 /* CCNavigationController.m */; };
		2408AB0A26D611E600C92981 /* CCCircleTrack.m in Sources */ = {isa = PBXBuildFile; fileRef = 2408AAF126D611E600C92981 /* CCCircleTrack.m */; };
		2408AB0B26D611E600C92981 /* CCColorPicker.m in Sources */ = {isa = PBXBuildFile; fileRef = 2408AAF326D611E600C92981 /* CCColorPicker.m */; };
		2408AB0C26D611E600C92981 /* CCGradientRingLayer.m in Sources */ = {isa = PBXBuildFile; fileRef = 2408AAF426D611E600C92981 /* CCGradientRingLayer.m */; };
		2408AB0D26D611E600C92981 /* CCTrackProtocol.m in Sources */ = {isa = PBXBuildFile; fileRef = 2408AAF526D611E600C92981 /* CCTrackProtocol.m */; };
		2408AB0E26D611E600C92981 /* CCRingTrack.m in Sources */ = {isa = PBXBuildFile; fileRef = 2408AAF626D611E600C92981 /* CCRingTrack.m */; };
		2408AB0F26D611E600C92981 /* CCViewController.m in Sources */ = {isa = PBXBuildFile; fileRef = 2408AAFD26D611E600C92981 /* CCViewController.m */; };
		2408AB1026D611E600C92981 /* NSObject+Swizzle.m in Sources */ = {isa = PBXBuildFile; fileRef = 2408AAFF26D611E600C92981 /* NSObject+Swizzle.m */; };
		2408AB1126D611E600C92981 /* NSDictionary+Safe.m in Sources */ = {isa = PBXBuildFile; fileRef = 2408AB0326D611E600C92981 /* NSDictionary+Safe.m */; };
		2408AB1226D611E600C92981 /* NSArray+Safe.m in Sources */ = {isa = PBXBuildFile; fileRef = 2408AB0426D611E600C92981 /* NSArray+Safe.m */; };
		2408AB1326D611E600C92981 /* CCTargetProxy.m in Sources */ = {isa = PBXBuildFile; fileRef = 2408AB0726D611E600C92981 /* CCTargetProxy.m */; };
/* End PBXBuildFile section */

/* Begin PBXContainerItemProxy section */
		2408AACA26D6118900C92981 /* PBXContainerItemProxy */ = {
			isa = PBXContainerItemProxy;
			containerPortal = 2408AAA626D6118800C92981 /* Project object */;
			proxyType = 1;
			remoteGlobalIDString = 2408AAAD26D6118800C92981;
			remoteInfo = CCFoundation;
		};
		2408AAD526D6118900C92981 /* PBXContainerItemProxy */ = {
			isa = PBXContainerItemProxy;
			containerPortal = 2408AAA626D6118800C92981 /* Project object */;
			proxyType = 1;
			remoteGlobalIDString = 2408AAAD26D6118800C92981;
			remoteInfo = CCFoundation;
		};
/* End PBXContainerItemProxy section */

/* Begin PBXFileReference section */
		2408AAAE26D6118800C92981 /* CCFoundation.app */ = {isa = PBXFileReference; explicitFileType = wrapper.application; includeInIndex = 0; path = CCFoundation.app; sourceTree = BUILT_PRODUCTS_DIR; };
		2408AAB126D6118800C92981 /* AppDelegate.h */ = {isa = PBXFileReference; lastKnownFileType = sourcecode.c.h; path = AppDelegate.h; sourceTree = "<group>"; };
		2408AAB226D6118800C92981 /* AppDelegate.m */ = {isa = PBXFileReference; lastKnownFileType = sourcecode.c.objc; path = AppDelegate.m; sourceTree = "<group>"; };
		2408AAB426D6118800C92981 /* SceneDelegate.h */ = {isa = PBXFileReference; lastKnownFileType = sourcecode.c.h; path = SceneDelegate.h; sourceTree = "<group>"; };
		2408AAB526D6118800C92981 /* SceneDelegate.m */ = {isa = PBXFileReference; lastKnownFileType = sourcecode.c.objc; path = SceneDelegate.m; sourceTree = "<group>"; };
		2408AAB726D6118800C92981 /* ViewController.h */ = {isa = PBXFileReference; lastKnownFileType = sourcecode.c.h; path = ViewController.h; sourceTree = "<group>"; };
		2408AAB826D6118800C92981 /* ViewController.m */ = {isa = PBXFileReference; lastKnownFileType = sourcecode.c.objc; path = ViewController.m; sourceTree = "<group>"; };
		2408AABB26D6118800C92981 /* Base */ = {isa = PBXFileReference; lastKnownFileType = file.storyboard; name = Base; path = Base.lproj/Main.storyboard; sourceTree = "<group>"; };
		2408AABD26D6118900C92981 /* Assets.xcassets */ = {isa = PBXFileReference; lastKnownFileType = folder.assetcatalog; path = Assets.xcassets; sourceTree = "<group>"; };
		2408AAC026D6118900C92981 /* Base */ = {isa = PBXFileReference; lastKnownFileType = file.storyboard; name = Base; path = Base.lproj/LaunchScreen.storyboard; sourceTree = "<group>"; };
		2408AAC226D6118900C92981 /* Info.plist */ = {isa = PBXFileReference; lastKnownFileType = text.plist.xml; path = Info.plist; sourceTree = "<group>"; };
		2408AAC326D6118900C92981 /* main.m */ = {isa = PBXFileReference; lastKnownFileType = sourcecode.c.objc; path = main.m; sourceTree = "<group>"; };
		2408AAC926D6118900C92981 /* CCFoundationTests.xctest */ = {isa = PBXFileReference; explicitFileType = wrapper.cfbundle; includeInIndex = 0; path = CCFoundationTests.xctest; sourceTree = BUILT_PRODUCTS_DIR; };
		2408AACD26D6118900C92981 /* CCFoundationTests.m */ = {isa = PBXFileReference; lastKnownFileType = sourcecode.c.objc; path = CCFoundationTests.m; sourceTree = "<group>"; };
		2408AACF26D6118900C92981 /* Info.plist */ = {isa = PBXFileReference; lastKnownFileType = text.plist.xml; path = Info.plist; sourceTree = "<group>"; };
		2408AAD426D6118900C92981 /* CCFoundationUITests.xctest */ = {isa = PBXFileReference; explicitFileType = wrapper.cfbundle; includeInIndex = 0; path = CCFoundationUITests.xctest; sourceTree = BUILT_PRODUCTS_DIR; };
		2408AAD826D6118900C92981 /* CCFoundationUITests.m */ = {isa = PBXFileReference; lastKnownFileType = sourcecode.c.objc; path = CCFoundationUITests.m; sourceTree = "<group>"; };
		2408AADA26D6118900C92981 /* Info.plist */ = {isa = PBXFileReference; lastKnownFileType = text.plist.xml; path = Info.plist; sourceTree = "<group>"; };
		2408AAE926D611E600C92981 /* CCNavigationControllerIMP.h */ = {isa = PBXFileReference; fileEncoding = 4; lastKnownFileType = sourcecode.c.h; path = CCNavigationControllerIMP.h; sourceTree = "<group>"; };
		2408AAEA26D611E600C92981 /* CCNavigationController.h */ = {isa = PBXFileReference; fileEncoding = 4; lastKnownFileType = sourcecode.c.h; path = CCNavigationController.h; sourceTree = "<group>"; };
		2408AAEB26D611E600C92981 /* CCNavigationControllerIMP.m */ = {isa = PBXFileReference; fileEncoding = 4; lastKnownFileType = sourcecode.c.objc; path = CCNavigationControllerIMP.m; sourceTree = "<group>"; };
		2408AAEC26D611E600C92981 /* CCNavigationController.m */ = {isa = PBXFileReference; fileEncoding = 4; lastKnownFileType = sourcecode.c.objc; path = CCNavigationController.m; sourceTree = "<group>"; };
		2408AAEE26D611E600C92981 /* CCNavigationProtocol.h */ = {isa = PBXFileReference; fileEncoding = 4; lastKnownFileType = sourcecode.c.h; path = CCNavigationProtocol.h; sourceTree = "<group>"; };
		2408AAF126D611E600C92981 /* CCCircleTrack.m */ = {isa = PBXFileReference; fileEncoding = 4; lastKnownFileType = sourcecode.c.objc; path = CCCircleTrack.m; sourceTree = "<group>"; };
		2408AAF226D611E600C92981 /* CCRingTrack.h */ = {isa = PBXFileReference; fileEncoding = 4; lastKnownFileType = sourcecode.c.h; path = CCRingTrack.h; sourceTree = "<group>"; };
		2408AAF326D611E600C92981 /* CCColorPicker.m */ = {isa = PBXFileReference; fileEncoding = 4; lastKnownFileType = sourcecode.c.objc; path = CCColorPicker.m; sourceTree = "<group>"; };
		2408AAF426D611E600C92981 /* CCGradientRingLayer.m */ = {isa = PBXFileReference; fileEncoding = 4; lastKnownFileType = sourcecode.c.objc; path = CCGradientRingLayer.m; sourceTree = "<group>"; };
		2408AAF526D611E600C92981 /* CCTrackProtocol.m */ = {isa = PBXFileReference; fileEncoding = 4; lastKnownFileType = sourcecode.c.objc; path = CCTrackProtocol.m; sourceTree = "<group>"; };
		2408AAF626D611E600C92981 /* CCRingTrack.m */ = {isa = PBXFileReference; fileEncoding = 4; lastKnownFileType = sourcecode.c.objc; path = CCRingTrack.m; sourceTree = "<group>"; };
		2408AAF726D611E600C92981 /* CCCircleTrack.h */ = {isa = PBXFileReference; fileEncoding = 4; lastKnownFileType = sourcecode.c.h; path = CCCircleTrack.h; sourceTree = "<group>"; };
		2408AAF826D611E600C92981 /* CCGradientRingLayer.h */ = {isa = PBXFileReference; fileEncoding = 4; lastKnownFileType = sourcecode.c.h; path = CCGradientRingLayer.h; sourceTree = "<group>"; };
		2408AAF926D611E600C92981 /* CCColorPicker.h */ = {isa = PBXFileReference; fileEncoding = 4; lastKnownFileType = sourcecode.c.h; path = CCColorPicker.h; sourceTree = "<group>"; };
		2408AAFA26D611E600C92981 /* CCTrackProtocol.h */ = {isa = PBXFileReference; fileEncoding = 4; lastKnownFileType = sourcecode.c.h; path = CCTrackProtocol.h; sourceTree = "<group>"; };
		2408AAFC26D611E600C92981 /* CCViewController.h */ = {isa = PBXFileReference; fileEncoding = 4; lastKnownFileType = sourcecode.c.h; path = CCViewController.h; sourceTree = "<group>"; };
		2408AAFD26D611E600C92981 /* CCViewController.m */ = {isa = PBXFileReference; fileEncoding = 4; lastKnownFileType = sourcecode.c.objc; path = CCViewController.m; sourceTree = "<group>"; };
		2408AAFF26D611E600C92981 /* NSObject+Swizzle.m */ = {isa = PBXFileReference; fileEncoding = 4; lastKnownFileType = sourcecode.c.objc; path = "NSObject+Swizzle.m"; sourceTree = "<group>"; };
		2408AB0026D611E600C92981 /* NSDictionary+Safe.h */ = {isa = PBXFileReference; fileEncoding = 4; lastKnownFileType = sourcecode.c.h; path = "NSDictionary+Safe.h"; sourceTree = "<group>"; };
		2408AB0126D611E600C92981 /* NSArray+Safe.h */ = {isa = PBXFileReference; fileEncoding = 4; lastKnownFileType = sourcecode.c.h; path = "NSArray+Safe.h"; sourceTree = "<group>"; };
		2408AB0226D611E600C92981 /* NSObject+Swizzle.h */ = {isa = PBXFileReference; fileEncoding = 4; lastKnownFileType = sourcecode.c.h; path = "NSObject+Swizzle.h"; sourceTree = "<group>"; };
		2408AB0326D611E600C92981 /* NSDictionary+Safe.m */ = {isa = PBXFileReference; fileEncoding = 4; lastKnownFileType = sourcecode.c.objc; path = "NSDictionary+Safe.m"; sourceTree = "<group>"; };
		2408AB0426D611E600C92981 /* NSArray+Safe.m */ = {isa = PBXFileReference; fileEncoding = 4; lastKnownFileType = sourcecode.c.objc; path = "NSArray+Safe.m"; sourceTree = "<group>"; };
		2408AB0626D611E600C92981 /* CCTargetProxy.h */ = {isa = PBXFileReference; fileEncoding = 4; lastKnownFileType = sourcecode.c.h; path = CCTargetProxy.h; sourceTree = "<group>"; };
		2408AB0726D611E600C92981 /* CCTargetProxy.m */ = {isa = PBXFileReference; fileEncoding = 4; lastKnownFileType = sourcecode.c.objc; path = CCTargetProxy.m; sourceTree = "<group>"; };
/* End PBXFileReference section */

/* Begin PBXFrameworksBuildPhase section */
		2408AAAB26D6118800C92981 /* Frameworks */ = {
			isa = PBXFrameworksBuildPhase;
			buildActionMask = 2147483647;
			files = (
			);
			runOnlyForDeploymentPostprocessing = 0;
		};
		2408AAC626D6118900C92981 /* Frameworks */ = {
			isa = PBXFrameworksBuildPhase;
			buildActionMask = 2147483647;
			files = (
			);
			runOnlyForDeploymentPostprocessing = 0;
		};
		2408AAD126D6118900C92981 /* Frameworks */ = {
			isa = PBXFrameworksBuildPhase;
			buildActionMask = 2147483647;
			files = (
			);
			runOnlyForDeploymentPostprocessing = 0;
		};
/* End PBXFrameworksBuildPhase section */

/* Begin PBXGroup section */
		2408AAA526D6118800C92981 = {
			isa = PBXGroup;
			children = (
				2408AAB026D6118800C92981 /* CCFoundation */,
				2408AACC26D6118900C92981 /* CCFoundationTests */,
				2408AAD726D6118900C92981 /* CCFoundationUITests */,
				2408AAAF26D6118800C92981 /* Products */,
			);
			sourceTree = "<group>";
		};
		2408AAAF26D6118800C92981 /* Products */ = {
			isa = PBXGroup;
			children = (
				2408AAAE26D6118800C92981 /* CCFoundation.app */,
				2408AAC926D6118900C92981 /* CCFoundationTests.xctest */,
				2408AAD426D6118900C92981 /* CCFoundationUITests.xctest */,
			);
			name = Products;
			sourceTree = "<group>";
		};
		2408AAB026D6118800C92981 /* CCFoundation */ = {
			isa = PBXGroup;
			children = (
				2408AAFE26D611E600C92981 /* Category */,
				2408AB0526D611E600C92981 /* Proxy */,
				2408AAE726D611E600C92981 /* UIKit */,
				2408AAB126D6118800C92981 /* AppDelegate.h */,
				2408AAB226D6118800C92981 /* AppDelegate.m */,
				2408AAB426D6118800C92981 /* SceneDelegate.h */,
				2408AAB526D6118800C92981 /* SceneDelegate.m */,
				2408AAB726D6118800C92981 /* ViewController.h */,
				2408AAB826D6118800C92981 /* ViewController.m */,
				2408AABA26D6118800C92981 /* Main.storyboard */,
				2408AABD26D6118900C92981 /* Assets.xcassets */,
				2408AABF26D6118900C92981 /* LaunchScreen.storyboard */,
				2408AAC226D6118900C92981 /* Info.plist */,
				2408AAC326D6118900C92981 /* main.m */,
			);
			path = CCFoundation;
			sourceTree = "<group>";
		};
		2408AACC26D6118900C92981 /* CCFoundationTests */ = {
			isa = PBXGroup;
			children = (
				2408AACD26D6118900C92981 /* CCFoundationTests.m */,
				2408AACF26D6118900C92981 /* Info.plist */,
			);
			path = CCFoundationTests;
			sourceTree = "<group>";
		};
		2408AAD726D6118900C92981 /* CCFoundationUITests */ = {
			isa = PBXGroup;
			children = (
				2408AAD826D6118900C92981 /* CCFoundationUITests.m */,
				2408AADA26D6118900C92981 /* Info.plist */,
			);
			path = CCFoundationUITests;
			sourceTree = "<group>";
		};
		2408AAE726D611E600C92981 /* UIKit */ = {
			isa = PBXGroup;
			children = (
				2408AAE826D611E600C92981 /* NavigationController */,
				2408AAED26D611E600C92981 /* Protocol */,
				2408AAEF26D611E600C92981 /* View */,
				2408AAFB26D611E600C92981 /* ViewController */,
			);
			path = UIKit;
			sourceTree = "<group>";
		};
		2408AAE826D611E600C92981 /* NavigationController */ = {
			isa = PBXGroup;
			children = (
				2408AAEA26D611E600C92981 /* CCNavigationController.h */,
				2408AAEC26D611E600C92981 /* CCNavigationController.m */,
				2408AAE926D611E600C92981 /* CCNavigationControllerIMP.h */,
				2408AAEB26D611E600C92981 /* CCNavigationControllerIMP.m */,
			);
			path = NavigationController;
			sourceTree = "<group>";
		};
		2408AAED26D611E600C92981 /* Protocol */ = {
			isa = PBXGroup;
			children = (
				2408AAFA26D611E600C92981 /* CCTrackProtocol.h */,
				2408AAF526D611E600C92981 /* CCTrackProtocol.m */,
				2408AAEE26D611E600C92981 /* CCNavigationProtocol.h */,
			);
			path = Protocol;
			sourceTree = "<group>";
		};
		2408AAEF26D611E600C92981 /* View */ = {
			isa = PBXGroup;
			children = (
				2408AAF726D611E600C92981 /* CCCircleTrack.h */,
				2408AAF126D611E600C92981 /* CCCircleTrack.m */,
				2408AAF926D611E600C92981 /* CCColorPicker.h */,
				2408AAF326D611E600C92981 /* CCColorPicker.m */,
				2408AAF826D611E600C92981 /* CCGradientRingLayer.h */,
				2408AAF426D611E600C92981 /* CCGradientRingLayer.m */,
				2408AAF226D611E600C92981 /* CCRingTrack.h */,
				2408AAF626D611E600C92981 /* CCRingTrack.m */,
			);
			path = View;
			sourceTree = "<group>";
		};
		2408AAFB26D611E600C92981 /* ViewController */ = {
			isa = PBXGroup;
			children = (
				2408AAFC26D611E600C92981 /* CCViewController.h */,
				2408AAFD26D611E600C92981 /* CCViewController.m */,
			);
			path = ViewController;
			sourceTree = "<group>";
		};
		2408AAFE26D611E600C92981 /* Category */ = {
			isa = PBXGroup;
			children = (
				2408AB0126D611E600C92981 /* NSArray+Safe.h */,
				2408AB0426D611E600C92981 /* NSArray+Safe.m */,
				2408AB0026D611E600C92981 /* NSDictionary+Safe.h */,
				2408AB0326D611E600C92981 /* NSDictionary+Safe.m */,
				2408AB0226D611E600C92981 /* NSObject+Swizzle.h */,
				2408AAFF26D611E600C92981 /* NSObject+Swizzle.m */,
			);
			path = Category;
			sourceTree = "<group>";
		};
		2408AB0526D611E600C92981 /* Proxy */ = {
			isa = PBXGroup;
			children = (
				2408AB0626D611E600C92981 /* CCTargetProxy.h */,
				2408AB0726D611E600C92981 /* CCTargetProxy.m */,
			);
			path = Proxy;
			sourceTree = "<group>";
		};
/* End PBXGroup section */

/* Begin PBXNativeTarget section */
		2408AAAD26D6118800C92981 /* CCFoundation */ = {
			isa = PBXNativeTarget;
			buildConfigurationList = 2408AADD26D6118900C92981 /* Build configuration list for PBXNativeTarget "CCFoundation" */;
			buildPhases = (
				2408AAAA26D6118800C92981 /* Sources */,
				2408AAAB26D6118800C92981 /* Frameworks */,
				2408AAAC26D6118800C92981 /* Resources */,
			);
			buildRules = (
			);
			dependencies = (
			);
			name = CCFoundation;
			productName = CCFoundation;
			productReference = 2408AAAE26D6118800C92981 /* CCFoundation.app */;
			productType = "com.apple.product-type.application";
		};
		2408AAC826D6118900C92981 /* CCFoundationTests */ = {
			isa = PBXNativeTarget;
			buildConfigurationList = 2408AAE026D6118900C92981 /* Build configuration list for PBXNativeTarget "CCFoundationTests" */;
			buildPhases = (
				2408AAC526D6118900C92981 /* Sources */,
				2408AAC626D6118900C92981 /* Frameworks */,
				2408AAC726D6118900C92981 /* Resources */,
			);
			buildRules = (
			);
			dependencies = (
				2408AACB26D6118900C92981 /* PBXTargetDependency */,
			);
			name = CCFoundationTests;
			productName = CCFoundationTests;
			productReference = 2408AAC926D6118900C92981 /* CCFoundationTests.xctest */;
			productType = "com.apple.product-type.bundle.unit-test";
		};
		2408AAD326D6118900C92981 /* CCFoundationUITests */ = {
			isa = PBXNativeTarget;
			buildConfigurationList = 2408AAE326D6118900C92981 /* Build configuration list for PBXNativeTarget "CCFoundationUITests" */;
			buildPhases = (
				2408AAD026D6118900C92981 /* Sources */,
				2408AAD126D6118900C92981 /* Frameworks */,
				2408AAD226D6118900C92981 /* Resources */,
			);
			buildRules = (
			);
			dependencies = (
				2408AAD626D6118900C92981 /* PBXTargetDependency */,
			);
			name = CCFoundationUITests;
			productName = CCFoundationUITests;
			productReference = 2408AAD426D6118900C92981 /* CCFoundationUITests.xctest */;
			productType = "com.apple.product-type.bundle.ui-testing";
		};
/* End PBXNativeTarget section */

/* Begin PBXProject section */
		2408AAA626D6118800C92981 /* Project object */ = {
			isa = PBXProject;
			attributes = {
				LastUpgradeCheck = 1250;
				TargetAttributes = {
					2408AAAD26D6118800C92981 = {
						CreatedOnToolsVersion = 12.5.1;
					};
					2408AAC826D6118900C92981 = {
						CreatedOnToolsVersion = 12.5.1;
						TestTargetID = 2408AAAD26D6118800C92981;
					};
					2408AAD326D6118900C92981 = {
						CreatedOnToolsVersion = 12.5.1;
						TestTargetID = 2408AAAD26D6118800C92981;
					};
				};
			};
			buildConfigurationList = 2408AAA926D6118800C92981 /* Build configuration list for PBXProject "CCFoundation" */;
			compatibilityVersion = "Xcode 9.3";
			developmentRegion = en;
			hasScannedForEncodings = 0;
			knownRegions = (
				en,
				Base,
			);
			mainGroup = 2408AAA526D6118800C92981;
			productRefGroup = 2408AAAF26D6118800C92981 /* Products */;
			projectDirPath = "";
			projectRoot = "";
			targets = (
				2408AAAD26D6118800C92981 /* CCFoundation */,
				2408AAC826D6118900C92981 /* CCFoundationTests */,
				2408AAD326D6118900C92981 /* CCFoundationUITests */,
			);
		};
/* End PBXProject section */

/* Begin PBXResourcesBuildPhase section */
		2408AAAC26D6118800C92981 /* Resources */ = {
			isa = PBXResourcesBuildPhase;
			buildActionMask = 2147483647;
			files = (
				2408AAC126D6118900C92981 /* LaunchScreen.storyboard in Resources */,
				2408AABE26D6118900C92981 /* Assets.xcassets in Resources */,
				2408AABC26D6118800C92981 /* Main.storyboard in Resources */,
			);
			runOnlyForDeploymentPostprocessing = 0;
		};
		2408AAC726D6118900C92981 /* Resources */ = {
			isa = PBXResourcesBuildPhase;
			buildActionMask = 2147483647;
			files = (
			);
			runOnlyForDeploymentPostprocessing = 0;
		};
		2408AAD226D6118900C92981 /* Resources */ = {
			isa = PBXResourcesBuildPhase;
			buildActionMask = 2147483647;
			files = (
			);
			runOnlyForDeploymentPostprocessing = 0;
		};
/* End PBXResourcesBuildPhase section */

/* Begin PBXSourcesBuildPhase section */
		2408AAAA26D6118800C92981 /* Sources */ = {
			isa = PBXSourcesBuildPhase;
			buildActionMask = 2147483647;
			files = (
				2408AAB926D6118800C92981 /* ViewController.m in Sources */,
				2408AB1026D611E600C92981 /* NSObject+Swizzle.m in Sources */,
				2408AB0826D611E600C92981 /* CCNavigationControllerIMP.m in Sources */,
				2408AB0F26D611E600C92981 /* CCViewController.m in Sources */,
				2408AAB326D6118800C92981 /* AppDelegate.m in Sources */,
				2408AAC426D6118900C92981 /* main.m in Sources */,
				2408AAB626D6118800C92981 /* SceneDelegate.m in Sources */,
				2408AB0B26D611E600C92981 /* CCColorPicker.m in Sources */,
				2408AB0926D611E600C92981 /* CCNavigationController.m in Sources */,
				2408AB1326D611E600C92981 /* CCTargetProxy.m in Sources */,
				2408AB0C26D611E600C92981 /* CCGradientRingLayer.m in Sources */,
				2408AB0A26D611E600C92981 /* CCCircleTrack.m in Sources */,
				2408AB1226D611E600C92981 /* NSArray+Safe.m in Sources */,
				2408AB1126D611E600C92981 /* NSDictionary+Safe.m in Sources */,
				2408AB0D26D611E600C92981 /* CCTrackProtocol.m in Sources */,
				2408AB0E26D611E600C92981 /* CCRingTrack.m in Sources */,
			);
			runOnlyForDeploymentPostprocessing = 0;
		};
		2408AAC526D6118900C92981 /* Sources */ = {
			isa = PBXSourcesBuildPhase;
			buildActionMask = 2147483647;
			files = (
				2408AACE26D6118900C92981 /* CCFoundationTests.m in Sources */,
			);
			runOnlyForDeploymentPostprocessing = 0;
		};
		2408AAD026D6118900C92981 /* Sources */ = {
			isa = PBXSourcesBuildPhase;
			buildActionMask = 2147483647;
			files = (
				2408AAD926D6118900C92981 /* CCFoundationUITests.m in Sources */,
			);
			runOnlyForDeploymentPostprocessing = 0;
		};
/* End PBXSourcesBuildPhase section */

/* Begin PBXTargetDependency section */
		2408AACB26D6118900C92981 /* PBXTargetDependency */ = {
			isa = PBXTargetDependency;
			target = 2408AAAD26D6118800C92981 /* CCFoundation */;
			targetProxy = 2408AACA26D6118900C92981 /* PBXContainerItemProxy */;
		};
		2408AAD626D6118900C92981 /* PBXTargetDependency */ = {
			isa = PBXTargetDependency;
			target = 2408AAAD26D6118800C92981 /* CCFoundation */;
			targetProxy = 2408AAD526D6118900C92981 /* PBXContainerItemProxy */;
		};
/* End PBXTargetDependency section */

/* Begin PBXVariantGroup section */
		2408AABA26D6118800C92981 /* Main.storyboard */ = {
			isa = PBXVariantGroup;
			children = (
				2408AABB26D6118800C92981 /* Base */,
			);
			name = Main.storyboard;
			sourceTree = "<group>";
		};
		2408AABF26D6118900C92981 /* LaunchScreen.storyboard */ = {
			isa = PBXVariantGroup;
			children = (
				2408AAC026D6118900C92981 /* Base */,
			);
			name = LaunchScreen.storyboard;
			sourceTree = "<group>";
		};
/* End PBXVariantGroup section */

/* Begin XCBuildConfiguration section */
		2408AADB26D6118900C92981 /* Debug */ = {
			isa = XCBuildConfiguration;
			buildSettings = {
				ALWAYS_SEARCH_USER_PATHS = NO;
				CLANG_ANALYZER_NONNULL = YES;
				CLANG_ANALYZER_NUMBER_OBJECT_CONVERSION = YES_AGGRESSIVE;
				CLANG_CXX_LANGUAGE_STANDARD = "gnu++14";
				CLANG_CXX_LIBRARY = "libc++";
				CLANG_ENABLE_MODULES = YES;
				CLANG_ENABLE_OBJC_ARC = YES;
				CLANG_ENABLE_OBJC_WEAK = YES;
				CLANG_WARN_BLOCK_CAPTURE_AUTORELEASING = YES;
				CLANG_WARN_BOOL_CONVERSION = YES;
				CLANG_WARN_COMMA = YES;
				CLANG_WARN_CONSTANT_CONVERSION = YES;
				CLANG_WARN_DEPRECATED_OBJC_IMPLEMENTATIONS = YES;
				CLANG_WARN_DIRECT_OBJC_ISA_USAGE = YES_ERROR;
				CLANG_WARN_DOCUMENTATION_COMMENTS = YES;
				CLANG_WARN_EMPTY_BODY = YES;
				CLANG_WARN_ENUM_CONVERSION = YES;
				CLANG_WARN_INFINITE_RECURSION = YES;
				CLANG_WARN_INT_CONVERSION = YES;
				CLANG_WARN_NON_LITERAL_NULL_CONVERSION = YES;
				CLANG_WARN_OBJC_IMPLICIT_RETAIN_SELF = YES;
				CLANG_WARN_OBJC_LITERAL_CONVERSION = YES;
				CLANG_WARN_OBJC_ROOT_CLASS = YES_ERROR;
				CLANG_WARN_QUOTED_INCLUDE_IN_FRAMEWORK_HEADER = YES;
				CLANG_WARN_RANGE_LOOP_ANALYSIS = YES;
				CLANG_WARN_STRICT_PROTOTYPES = YES;
				CLANG_WARN_SUSPICIOUS_MOVE = YES;
				CLANG_WARN_UNGUARDED_AVAILABILITY = YES_AGGRESSIVE;
				CLANG_WARN_UNREACHABLE_CODE = YES;
				CLANG_WARN__DUPLICATE_METHOD_MATCH = YES;
				COPY_PHASE_STRIP = NO;
				DEBUG_INFORMATION_FORMAT = dwarf;
				ENABLE_STRICT_OBJC_MSGSEND = YES;
				ENABLE_TESTABILITY = YES;
				GCC_C_LANGUAGE_STANDARD = gnu11;
				GCC_DYNAMIC_NO_PIC = NO;
				GCC_NO_COMMON_BLOCKS = YES;
				GCC_OPTIMIZATION_LEVEL = 0;
				GCC_PREPROCESSOR_DEFINITIONS = (
					"DEBUG=1",
					"$(inherited)",
				);
				GCC_WARN_64_TO_32_BIT_CONVERSION = YES;
				GCC_WARN_ABOUT_RETURN_TYPE = YES_ERROR;
				GCC_WARN_UNDECLARED_SELECTOR = YES;
				GCC_WARN_UNINITIALIZED_AUTOS = YES_AGGRESSIVE;
				GCC_WARN_UNUSED_FUNCTION = YES;
				GCC_WARN_UNUSED_VARIABLE = YES;
				IPHONEOS_DEPLOYMENT_TARGET = 14.5;
				MTL_ENABLE_DEBUG_INFO = INCLUDE_SOURCE;
				MTL_FAST_MATH = YES;
				ONLY_ACTIVE_ARCH = YES;
				SDKROOT = iphoneos;
			};
			name = Debug;
		};
		2408AADC26D6118900C92981 /* Release */ = {
			isa = XCBuildConfiguration;
			buildSettings = {
				ALWAYS_SEARCH_USER_PATHS = NO;
				CLANG_ANALYZER_NONNULL = YES;
				CLANG_ANALYZER_NUMBER_OBJECT_CONVERSION = YES_AGGRESSIVE;
				CLANG_CXX_LANGUAGE_STANDARD = "gnu++14";
				CLANG_CXX_LIBRARY = "libc++";
				CLANG_ENABLE_MODULES = YES;
				CLANG_ENABLE_OBJC_ARC = YES;
				CLANG_ENABLE_OBJC_WEAK = YES;
				CLANG_WARN_BLOCK_CAPTURE_AUTORELEASING = YES;
				CLANG_WARN_BOOL_CONVERSION = YES;
				CLANG_WARN_COMMA = YES;
				CLANG_WARN_CONSTANT_CONVERSION = YES;
				CLANG_WARN_DEPRECATED_OBJC_IMPLEMENTATIONS = YES;
				CLANG_WARN_DIRECT_OBJC_ISA_USAGE = YES_ERROR;
				CLANG_WARN_DOCUMENTATION_COMMENTS = YES;
				CLANG_WARN_EMPTY_BODY = YES;
				CLANG_WARN_ENUM_CONVERSION = YES;
				CLANG_WARN_INFINITE_RECURSION = YES;
				CLANG_WARN_INT_CONVERSION = YES;
				CLANG_WARN_NON_LITERAL_NULL_CONVERSION = YES;
				CLANG_WARN_OBJC_IMPLICIT_RETAIN_SELF = YES;
				CLANG_WARN_OBJC_LITERAL_CONVERSION = YES;
				CLANG_WARN_OBJC_ROOT_CLASS = YES_ERROR;
				CLANG_WARN_QUOTED_INCLUDE_IN_FRAMEWORK_HEADER = YES;
				CLANG_WARN_RANGE_LOOP_ANALYSIS = YES;
				CLANG_WARN_STRICT_PROTOTYPES = YES;
				CLANG_WARN_SUSPICIOUS_MOVE = YES;
				CLANG_WARN_UNGUARDED_AVAILABILITY = YES_AGGRESSIVE;
				CLANG_WARN_UNREACHABLE_CODE = YES;
				CLANG_WARN__DUPLICATE_METHOD_MATCH = YES;
				COPY_PHASE_STRIP = NO;
				DEBUG_INFORMATION_FORMAT = "dwarf-with-dsym";
				ENABLE_NS_ASSERTIONS = NO;
				ENABLE_STRICT_OBJC_MSGSEND = YES;
				GCC_C_LANGUAGE_STANDARD = gnu11;
				GCC_NO_COMMON_BLOCKS = YES;
				GCC_WARN_64_TO_32_BIT_CONVERSION = YES;
				GCC_WARN_ABOUT_RETURN_TYPE = YES_ERROR;
				GCC_WARN_UNDECLARED_SELECTOR = YES;
				GCC_WARN_UNINITIALIZED_AUTOS = YES_AGGRESSIVE;
				GCC_WARN_UNUSED_FUNCTION = YES;
				GCC_WARN_UNUSED_VARIABLE = YES;
				IPHONEOS_DEPLOYMENT_TARGET = 14.5;
				MTL_ENABLE_DEBUG_INFO = NO;
				MTL_FAST_MATH = YES;
				SDKROOT = iphoneos;
				VALIDATE_PRODUCT = YES;
			};
			name = Release;
		};
		2408AADE26D6118900C92981 /* Debug */ = {
			isa = XCBuildConfiguration;
			buildSettings = {
				ASSETCATALOG_COMPILER_APPICON_NAME = AppIcon;
				ASSETCATALOG_COMPILER_GLOBAL_ACCENT_COLOR_NAME = AccentColor;
				CODE_SIGN_STYLE = Automatic;
				DEVELOPMENT_TEAM = Q6GAG79FX3;
				INFOPLIST_FILE = CCFoundation/Info.plist;
				LD_RUNPATH_SEARCH_PATHS = (
					"$(inherited)",
					"@executable_path/Frameworks",
				);
				PRODUCT_BUNDLE_IDENTIFIER = cn.com.cchip.CCFoundation;
				PRODUCT_NAME = "$(TARGET_NAME)";
				TARGETED_DEVICE_FAMILY = "1,2";
			};
			name = Debug;
		};
		2408AADF26D6118900C92981 /* Release */ = {
			isa = XCBuildConfiguration;
			buildSettings = {
				ASSETCATALOG_COMPILER_APPICON_NAME = AppIcon;
				ASSETCATALOG_COMPILER_GLOBAL_ACCENT_COLOR_NAME = AccentColor;
				CODE_SIGN_STYLE = Automatic;
				DEVELOPMENT_TEAM = Q6GAG79FX3;
				INFOPLIST_FILE = CCFoundation/Info.plist;
				LD_RUNPATH_SEARCH_PATHS = (
					"$(inherited)",
					"@executable_path/Frameworks",
				);
				PRODUCT_BUNDLE_IDENTIFIER = cn.com.cchip.CCFoundation;
				PRODUCT_NAME = "$(TARGET_NAME)";
				TARGETED_DEVICE_FAMILY = "1,2";
			};
			name = Release;
		};
		2408AAE126D6118900C92981 /* Debug */ = {
			isa = XCBuildConfiguration;
			buildSettings = {
				BUNDLE_LOADER = "$(TEST_HOST)";
				CODE_SIGN_STYLE = Automatic;
				DEVELOPMENT_TEAM = Q6GAG79FX3;
				INFOPLIST_FILE = CCFoundationTests/Info.plist;
				IPHONEOS_DEPLOYMENT_TARGET = 14.5;
				LD_RUNPATH_SEARCH_PATHS = (
					"$(inherited)",
					"@executable_path/Frameworks",
					"@loader_path/Frameworks",
				);
				PRODUCT_BUNDLE_IDENTIFIER = cn.com.cchip.CCFoundationTests;
				PRODUCT_NAME = "$(TARGET_NAME)";
				TARGETED_DEVICE_FAMILY = "1,2";
				TEST_HOST = "$(BUILT_PRODUCTS_DIR)/CCFoundation.app/CCFoundation";
			};
			name = Debug;
		};
		2408AAE226D6118900C92981 /* Release */ = {
			isa = XCBuildConfiguration;
			buildSettings = {
				BUNDLE_LOADER = "$(TEST_HOST)";
				CODE_SIGN_STYLE = Automatic;
				DEVELOPMENT_TEAM = Q6GAG79FX3;
				INFOPLIST_FILE = CCFoundationTests/Info.plist;
				IPHONEOS_DEPLOYMENT_TARGET = 14.5;
				LD_RUNPATH_SEARCH_PATHS = (
					"$(inherited)",
					"@executable_path/Frameworks",
					"@loader_path/Frameworks",
				);
				PRODUCT_BUNDLE_IDENTIFIER = cn.com.cchip.CCFoundationTests;
				PRODUCT_NAME = "$(TARGET_NAME)";
				TARGETED_DEVICE_FAMILY = "1,2";
				TEST_HOST = "$(BUILT_PRODUCTS_DIR)/CCFoundation.app/CCFoundation";
			};
			name = Release;
		};
		2408AAE426D6118900C92981 /* Debug */ = {
			isa = XCBuildConfiguration;
			buildSettings = {
				CODE_SIGN_STYLE = Automatic;
				DEVELOPMENT_TEAM = Q6GAG79FX3;
				INFOPLIST_FILE = CCFoundationUITests/Info.plist;
				LD_RUNPATH_SEARCH_PATHS = (
					"$(inherited)",
					"@executable_path/Frameworks",
					"@loader_path/Frameworks",
				);
				PRODUCT_BUNDLE_IDENTIFIER = cn.com.cchip.CCFoundationUITests;
				PRODUCT_NAME = "$(TARGET_NAME)";
				TARGETED_DEVICE_FAMILY = "1,2";
				TEST_TARGET_NAME = CCFoundation;
			};
			name = Debug;
		};
		2408AAE526D6118900C92981 /* Release */ = {
			isa = XCBuildConfiguration;
			buildSettings = {
				CODE_SIGN_STYLE = Automatic;
				DEVELOPMENT_TEAM = Q6GAG79FX3;
				INFOPLIST_FILE = CCFoundationUITests/Info.plist;
				LD_RUNPATH_SEARCH_PATHS = (
					"$(inherited)",
					"@executable_path/Frameworks",
					"@loader_path/Frameworks",
				);
				PRODUCT_BUNDLE_IDENTIFIER = cn.com.cchip.CCFoundationUITests;
				PRODUCT_NAME = "$(TARGET_NAME)";
				TARGETED_DEVICE_FAMILY = "1,2";
				TEST_TARGET_NAME = CCFoundation;
			};
			name = Release;
		};
/* End XCBuildConfiguration section */

/* Begin XCConfigurationList section */
		2408AAA926D6118800C92981 /* Build configuration list for PBXProject "CCFoundation" */ = {
			isa = XCConfigurationList;
			buildConfigurations = (
				2408AADB26D6118900C92981 /* Debug */,
				2408AADC26D6118900C92981 /* Release */,
			);
			defaultConfigurationIsVisible = 0;
			defaultConfigurationName = Release;
		};
		2408AADD26D6118900C92981 /* Build configuration list for PBXNativeTarget "CCFoundation" */ = {
			isa = XCConfigurationList;
			buildConfigurations = (
				2408AADE26D6118900C92981 /* Debug */,
				2408AADF26D6118900C92981 /* Release */,
			);
			defaultConfigurationIsVisible = 0;
			defaultConfigurationName = Release;
		};
		2408AAE026D6118900C92981 /* Build configuration list for PBXNativeTarget "CCFoundationTests" */ = {
			isa = XCConfigurationList;
			buildConfigurations = (
				2408AAE126D6118900C92981 /* Debug */,
				2408AAE226D6118900C92981 /* Release */,
			);
			defaultConfigurationIsVisible = 0;
			defaultConfigurationName = Release;
		};
		2408AAE326D6118900C92981 /* Build configuration list for PBXNativeTarget "CCFoundationUITests" */ = {
			isa = XCConfigurationList;
			buildConfigurations = (
				2408AAE426D6118900C92981 /* Debug */,
				2408AAE526D6118900C92981 /* Release */,
			);
			defaultConfigurationIsVisible = 0;
			defaultConfigurationName = Release;
		};
/* End XCConfigurationList section */
	};
	rootObject = 2408AAA626D6118800C92981 /* Project object */;
}
